PODS:
  - Alamofire (4.7.3)
  - CryptoSwift (0.12.0)
  - GoogleMobileVision/Detector (1.4.1):
    - GoogleToolboxForMac/Logger (~> 2.1)
    - "GoogleToolboxForMac/NSData+zlib (~> 2.1)"
    - GTMSessionFetcher/Core (~> 1.1)
    - Protobuf (~> 3.1)
  - GoogleMobileVision/TextDetector (1.4.1):
    - GoogleMobileVision/Detector (~> 1.4)
  - GoogleToolboxForMac/Defines (2.1.4)
  - GoogleToolboxForMac/Logger (2.1.4):
    - GoogleToolboxForMac/Defines (= 2.1.4)
  - "GoogleToolboxForMac/NSData+zlib (2.1.4)":
    - GoogleToolboxForMac/Defines (= 2.1.4)
  - GTMSessionFetcher/Core (1.2.0)
  - Protobuf (3.6.1)
  - RNCryptor (5.0.3)
  - SwiftyJSON (4.2.0)

DEPENDENCIES:
  - Alamofire
  - CryptoSwift
  - GoogleMobileVision/TextDetector
  - RNCryptor (~> 5.0)
  - SwiftyJSON

SPEC REPOS:
  https://github.com/cocoapods/specs.git:
    - Alamofire
    - CryptoSwift
    - GoogleMobileVision
    - GoogleToolboxForMac
    - GTMSessionFetcher
    - Protobuf
    - RNCryptor
    - SwiftyJSON

SPEC CHECKSUMS:
  Alamofire: c7287b6e5d7da964a70935e5db17046b7fde6568
  CryptoSwift: 1c07ca50843dd48bc54e6ea53d7a4dba3b645716
  GoogleMobileVision: bedef12c0924e948fc09b8f1b38c5fe1a3594b6f
  GoogleToolboxForMac: 91c824d21e85b31c2aae9bb011c5027c9b4e738f
  GTMSessionFetcher: 0c4baf0a73acd0041bf9f71ea018deedab5ea84e
  Protobuf: 1eb9700044745f00181c136ef21b8ff3ad5a0fd5
  RNCryptor: c93d19029dcf7ff160aca0f24d6c9e7b0d82f664
  SwiftyJSON: c4bcba26dd9ec7a027fc8eade48e2c911f229e96

PODFILE CHECKSUM: 3da35c19a0819be44708a2ab50499430acb0ba3c

COCOAPODS: 1.5.3
